
Microsoft Visual Studio Solution File, Format Version 12.00
# Visual Studio Version 17
VisualStudioVersion = 17.0.31717.71
MinimumVisualStudioVersion = 10.0.40219.1
Project("{9A19103F-16F7-4668-BE54-9A1E7A4F7556}") = "Efficax.Auth", "Efficax.Auth\Efficax.Auth.csproj", "{1B792313-E676-46EF-B9E9-45AA5B2199DE}"
EndProject
Project("{9A19103F-16F7-4668-BE54-9A1E7A4F7556}") = "Efficax.Client", "Efficax.Client\Efficax.Client.csproj", "{9F8AE16F-1149-4022-AE9D-22B5921C2CFF}"
EndProject
Project("{9A19103F-16F7-4668-BE54-9A1E7A4F7556}") = "Efficax.DB", "Efficax.DB\Efficax.DB.csproj", "{6ED6882F-6421-4627-B290-7393C69E1BF7}"
EndProject
Project("{9A19103F-16F7-4668-BE54-9A1E7A4F7556}") = "Efficax.DBClient", "Efficax.DBClient\Efficax.DBClient.csproj", "{DEA8B3AC-7FB3-422F-9930-D855E0A7F383}"
EndProject
Project("{9A19103F-16F7-4668-BE54-9A1E7A4F7556}") = "Efficax.SourceGen", "Efficax.SourceGen\Efficax.SourceGen.csproj", "{701513B7-4084-4A9B-9AEC-9D5E6D39B3C6}"
EndProject
Project("{9A19103F-16F7-4668-BE54-9A1E7A4F7556}") = "Efficax.Shared", "Efficax.Shared\Efficax.Shared.csproj", "{9FB2B0B3-DE97-4C2A-BAA8-F6D146B07CBD}"
EndProject
Project("{9A19103F-16F7-4668-BE54-9A1E7A4F7556}") = "Efficax.Server", "Efficax.Server\Efficax.Server.csproj", "{3BDE155D-6379-4378-B255-E6C7D7EAFCBD}"
EndProject
Global
	GlobalSection(SolutionConfigurationPlatforms) = preSolution
		Debug|Any CPU = Debug|Any CPU
		Release|Any CPU = Release|Any CPU
	EndGlobalSection
	GlobalSection(ProjectConfigurationPlatforms) = postSolution
		{1B792313-E676-46EF-B9E9-45AA5B2199DE}.Debug|Any CPU.ActiveCfg = Debug|Any CPU
		{1B792313-E676-46EF-B9E9-45AA5B2199DE}.Debug|Any CPU.Build.0 = Debug|Any CPU
		{1B792313-E676-46EF-B9E9-45AA5B2199DE}.Release|Any CPU.ActiveCfg = Release|Any CPU
		{1B792313-E676-46EF-B9E9-45AA5B2199DE}.Release|Any CPU.Build.0 = Release|Any CPU
		{9F8AE16F-1149-4022-AE9D-22B5921C2CFF}.Debug|Any CPU.ActiveCfg = Debug|Any CPU
		{9F8AE16F-1149-4022-AE9D-22B5921C2CFF}.Debug|Any CPU.Build.0 = Debug|Any CPU
		{9F8AE16F-1149-4022-AE9D-22B5921C2CFF}.Release|Any CPU.ActiveCfg = Release|Any CPU
		{9F8AE16F-1149-4022-AE9D-22B5921C2CFF}.Release|Any CPU.Build.0 = Release|Any CPU
		{6ED6882F-6421-4627-B290-7393C69E1BF7}.Debug|Any CPU.ActiveCfg = Debug|Any CPU
		{6ED6882F-6421-4627-B290-7393C69E1BF7}.Debug|Any CPU.Build.0 = Debug|Any CPU
		{6ED6882F-6421-4627-B290-7393C69E1BF7}.Release|Any CPU.ActiveCfg = Release|Any CPU
		{6ED6882F-6421-4627-B290-7393C69E1BF7}.Release|Any CPU.Build.0 = Release|Any CPU
		{DEA8B3AC-7FB3-422F-9930-D855E0A7F383}.Debug|Any CPU.ActiveCfg = Debug|Any CPU
		{DEA8B3AC-7FB3-422F-9930-D855E0A7F383}.Debug|Any CPU.Build.0 = Debug|Any CPU
		{DEA8B3AC-7FB3-422F-9930-D855E0A7F383}.Release|Any CPU.ActiveCfg = Release|Any CPU
		{DEA8B3AC-7FB3-422F-9930-D855E0A7F383}.Release|Any CPU.Build.0 = Release|Any CPU
		{701513B7-4084-4A9B-9AEC-9D5E6D39B3C6}.Debug|Any CPU.ActiveCfg = Debug|Any CPU
		{701513B7-4084-4A9B-9AEC-9D5E6D39B3C6}.Debug|Any CPU.Build.0 = Debug|Any CPU
		{701513B7-4084-4A9B-9AEC-9D5E6D39B3C6}.Release|Any CPU.ActiveCfg = Release|Any CPU
		{701513B7-4084-4A9B-9AEC-9D5E6D39B3C6}.Release|Any CPU.Build.0 = Release|Any CPU
		{9FB2B0B3-DE97-4C2A-BAA8-F6D146B07CBD}.Debug|Any CPU.ActiveCfg = Debug|Any CPU
		{9FB2B0B3-DE97-4C2A-BAA8-F6D146B07CBD}.Debug|Any CPU.Build.0 = Debug|Any CPU
		{9FB2B0B3-DE97-4C2A-BAA8-F6D146B07CBD}.Release|Any CPU.ActiveCfg = Release|Any CPU
		{9FB2B0B3-DE97-4C2A-BAA8-F6D146B07CBD}.Release|Any CPU.Build.0 = Release|Any CPU
		{3BDE155D-6379-4378-B255-E6C7D7EAFCBD}.Debug|Any CPU.ActiveCfg = Debug|Any CPU
		{3BDE155D-6379-4378-B255-E6C7D7EAFCBD}.Debug|Any CPU.Build.0 = Debug|Any CPU
		{3BDE155D-6379-4378-B255-E6C7D7EAFCBD}.Release|Any CPU.ActiveCfg = Release|Any CPU
		{3BDE155D-6379-4378-B255-E6C7D7EAFCBD}.Release|Any CPU.Build.0 = Release|Any CPU
	EndGlobalSection
	GlobalSection(SolutionProperties) = preSolution
		HideSolutionNode = FALSE
	EndGlobalSection
	GlobalSection(ExtensibilityGlobals) = postSolution
		SolutionGuid = {E24EE3FF-B786-4B0D-B7BF-A0919D0D158C}
	EndGlobalSection
EndGlobal
